
Microsoft Visual Studio Solution File, Format Version 12.00
# Visual Studio Version 17
VisualStudioVersion = 17.14.36203.30 d17.14
MinimumVisualStudioVersion = 10.0.40219.1
Project("{FAE04EC0-301F-11D3-BF4B-00C04F79EFBC}") = "CampusStoreWeb", "CampusStoreWeb\CampusStoreWeb.csproj", "{F2ABD467-CF11-4A50-A258-97722DED08F8}"
EndProject
Global
	GlobalSection(SolutionConfigurationPlatforms) = preSolution
		Debug|Any CPU = Debug|Any CPU
		Release|Any CPU = Release|Any CPU
	EndGlobalSection
	GlobalSection(ProjectConfigurationPlatforms) = postSolution
		{F2ABD467-CF11-4A50-A258-97722DED08F8}.Debug|Any CPU.ActiveCfg = Debug|Any CPU
		{F2ABD467-CF11-4A50-A258-97722DED08F8}.Debug|Any CPU.Build.0 = Debug|Any CPU
		{F2ABD467-CF11-4A50-A258-97722DED08F8}.Release|Any CPU.ActiveCfg = Release|Any CPU
		{F2ABD467-CF11-4A50-A258-97722DED08F8}.Release|Any CPU.Build.0 = Release|Any CPU
	EndGlobalSection
	GlobalSection(SolutionProperties) = preSolution
		HideSolutionNode = FALSE
	EndGlobalSection
	GlobalSection(ExtensibilityGlobals) = postSolution
		SolutionGuid = {CB552864-C78E-4A1B-9765-44E72FF3304C}
	EndGlobalSection
EndGlobal
